
Microsoft Visual Studio Solution File, Format Version 12.00
# Visual Studio Version 17
VisualStudioVersion = 17.14.36221.1 d17.14
MinimumVisualStudioVersion = 10.0.40219.1
Project("{FAE04EC0-301F-11D3-BF4B-00C04F79EFBC}") = "DatabaseAPI", "DatabaseAPI\DatabaseAPI.csproj", "{A6DC8CDA-DA7A-4869-A021-76D70B86782B}"
EndProject
Global
	GlobalSection(SolutionConfigurationPlatforms) = preSolution
		Debug|Any CPU = Debug|Any CPU
		Release|Any CPU = Release|Any CPU
	EndGlobalSection
	GlobalSection(ProjectConfigurationPlatforms) = postSolution
		{A6DC8CDA-DA7A-4869-A021-76D70B86782B}.Debug|Any CPU.ActiveCfg = Debug|Any CPU
		{A6DC8CDA-DA7A-4869-A021-76D70B86782B}.Debug|Any CPU.Build.0 = Debug|Any CPU
		{A6DC8CDA-DA7A-4869-A021-76D70B86782B}.Release|Any CPU.ActiveCfg = Release|Any CPU
		{A6DC8CDA-DA7A-4869-A021-76D70B86782B}.Release|Any CPU.Build.0 = Release|Any CPU
	EndGlobalSection
	GlobalSection(SolutionProperties) = preSolution
		HideSolutionNode = FALSE
	EndGlobalSection
	GlobalSection(ExtensibilityGlobals) = postSolution
		SolutionGuid = {C64565C5-2D09-48FE-B2CC-105EAEE83813}
	EndGlobalSection
EndGlobal
